
Microsoft Visual Studio Solution File, Format Version 12.00
# Visual Studio Version 17
VisualStudioVersion = 17.8.34309.116
MinimumVisualStudioVersion = 10.0.40219.1
Project("{9A19103F-16F7-4668-BE54-9A1E7A4F7556}") = "CompanyApp", "CompanyApp\CompanyApp.csproj", "{18F018D1-91A5-4452-8700-AFF3BA00F1D3}"
EndProject
Project("{9A19103F-16F7-4668-BE54-9A1E7A4F7556}") = "CompanyApp.Domain", "CompanyApp.Domain\CompanyApp.Domain.csproj", "{346C0319-5295-4EB6-81AC-954128480CDE}"
EndProject
Project("{9A19103F-16F7-4668-BE54-9A1E7A4F7556}") = "CompanyApp.Helpers", "CompanyApp.Helpers\CompanyApp.Helpers.csproj", "{23D13291-A64C-4C2B-A692-463586094AAE}"
EndProject
Project("{9A19103F-16F7-4668-BE54-9A1E7A4F7556}") = "CompanyApp.DataContext", "CompanyApp.DataContext\CompanyApp.DataContext.csproj", "{BA3FA615-A0DF-4947-AEF8-9DE278FC7320}"
EndProject
Project("{FAE04EC0-301F-11D3-BF4B-00C04F79EFBC}") = "CompanyApp.Buisness", "CompanyApp.Buisness\CompanyApp.Buisness.csproj", "{6AC64B14-D96C-4FA3-B258-727D3ABEF071}"
EndProject
Global
	GlobalSection(SolutionConfigurationPlatforms) = preSolution
		Debug|Any CPU = Debug|Any CPU
		Release|Any CPU = Release|Any CPU
	EndGlobalSection
	GlobalSection(ProjectConfigurationPlatforms) = postSolution
		{18F018D1-91A5-4452-8700-AFF3BA00F1D3}.Debug|Any CPU.ActiveCfg = Debug|Any CPU
		{18F018D1-91A5-4452-8700-AFF3BA00F1D3}.Debug|Any CPU.Build.0 = Debug|Any CPU
		{18F018D1-91A5-4452-8700-AFF3BA00F1D3}.Release|Any CPU.ActiveCfg = Release|Any CPU
		{18F018D1-91A5-4452-8700-AFF3BA00F1D3}.Release|Any CPU.Build.0 = Release|Any CPU
		{346C0319-5295-4EB6-81AC-954128480CDE}.Debug|Any CPU.ActiveCfg = Debug|Any CPU
		{346C0319-5295-4EB6-81AC-954128480CDE}.Debug|Any CPU.Build.0 = Debug|Any CPU
		{346C0319-5295-4EB6-81AC-954128480CDE}.Release|Any CPU.ActiveCfg = Release|Any CPU
		{346C0319-5295-4EB6-81AC-954128480CDE}.Release|Any CPU.Build.0 = Release|Any CPU
		{23D13291-A64C-4C2B-A692-463586094AAE}.Debug|Any CPU.ActiveCfg = Debug|Any CPU
		{23D13291-A64C-4C2B-A692-463586094AAE}.Debug|Any CPU.Build.0 = Debug|Any CPU
		{23D13291-A64C-4C2B-A692-463586094AAE}.Release|Any CPU.ActiveCfg = Release|Any CPU
		{23D13291-A64C-4C2B-A692-463586094AAE}.Release|Any CPU.Build.0 = Release|Any CPU
		{BA3FA615-A0DF-4947-AEF8-9DE278FC7320}.Debug|Any CPU.ActiveCfg = Debug|Any CPU
		{BA3FA615-A0DF-4947-AEF8-9DE278FC7320}.Debug|Any CPU.Build.0 = Debug|Any CPU
		{BA3FA615-A0DF-4947-AEF8-9DE278FC7320}.Release|Any CPU.ActiveCfg = Release|Any CPU
		{BA3FA615-A0DF-4947-AEF8-9DE278FC7320}.Release|Any CPU.Build.0 = Release|Any CPU
		{6AC64B14-D96C-4FA3-B258-727D3ABEF071}.Debug|Any CPU.ActiveCfg = Debug|Any CPU
		{6AC64B14-D96C-4FA3-B258-727D3ABEF071}.Debug|Any CPU.Build.0 = Debug|Any CPU
		{6AC64B14-D96C-4FA3-B258-727D3ABEF071}.Release|Any CPU.ActiveCfg = Release|Any CPU
		{6AC64B14-D96C-4FA3-B258-727D3ABEF071}.Release|Any CPU.Build.0 = Release|Any CPU
	EndGlobalSection
	GlobalSection(SolutionProperties) = preSolution
		HideSolutionNode = FALSE
	EndGlobalSection
	GlobalSection(ExtensibilityGlobals) = postSolution
		SolutionGuid = {97683D41-8E9D-42F7-A84D-FD04EC50061E}
	EndGlobalSection
EndGlobal
